// !$*UTF8*$!
{
	archiveVersion = 1;
	classes = {
	};
	objectVersion = 55;
	objects = {

/* Begin PBXBuildFile section */
		E03F9FB8279D911A005979EB /* MainView.swift in Sources */ = {isa = PBXBuildFile; fileRef = E03F9FB7279D911A005979EB /* MainView.swift */; };
		E03F9FCC27A344E3005979EB /* GroupView.swift in Sources */ = {isa = PBXBuildFile; fileRef = E03F9FCB27A344E3005979EB /* GroupView.swift */; };
		E03F9FCF27A3472A005979EB /* NewsView.swift in Sources */ = {isa = PBXBuildFile; fileRef = E03F9FCE27A3472A005979EB /* NewsView.swift */; };
		E03F9FD127A34D31005979EB /* ContentView.swift in Sources */ = {isa = PBXBuildFile; fileRef = E03F9FD027A34D31005979EB /* ContentView.swift */; };
		E03F9FD327A34DFD005979EB /* VkApp.swift in Sources */ = {isa = PBXBuildFile; fileRef = E03F9FD227A34DFD005979EB /* VkApp.swift */; };
		E03F9FDA27A35BFB005979EB /* ImagesView.swift in Sources */ = {isa = PBXBuildFile; fileRef = E03F9FD927A35BFB005979EB /* ImagesView.swift */; };
		E03F9FDF27A36257005979EB /* Photo.swift in Sources */ = {isa = PBXBuildFile; fileRef = E03F9FDE27A36257005979EB /* Photo.swift */; };
		E094BBD127AC6471003680F7 /* WebView.swift in Sources */ = {isa = PBXBuildFile; fileRef = E094BBD027AC6471003680F7 /* WebView.swift */; };
		E094BBE127ADEFAE003680F7 /* SwiftyJSON in Frameworks */ = {isa = PBXBuildFile; productRef = E094BBE027ADEFAE003680F7 /* SwiftyJSON */; };
		E094BBE427ADEFBF003680F7 /* Kingfisher in Frameworks */ = {isa = PBXBuildFile; productRef = E094BBE327ADEFBF003680F7 /* Kingfisher */; };
		E094BBE727ADEFD5003680F7 /* Alamofire in Frameworks */ = {isa = PBXBuildFile; productRef = E094BBE627ADEFD5003680F7 /* Alamofire */; };
		E094BBEA27ADEFE8003680F7 /* QGrid in Frameworks */ = {isa = PBXBuildFile; productRef = E094BBE927ADEFE8003680F7 /* QGrid */; };
		E094BBF527B05E8C003680F7 /* NetworkFriendsVk.swift in Sources */ = {isa = PBXBuildFile; fileRef = E094BBF427B05E8C003680F7 /* NetworkFriendsVk.swift */; };
		E094BBF827B05F17003680F7 /* UserSession.swift in Sources */ = {isa = PBXBuildFile; fileRef = E094BBF727B05F17003680F7 /* UserSession.swift */; };
		E094BBFA27B06053003680F7 /* Friend.swift in Sources */ = {isa = PBXBuildFile; fileRef = E094BBF927B06053003680F7 /* Friend.swift */; };
		E094BBFF27B06D8D003680F7 /* UsersViewModel.swift in Sources */ = {isa = PBXBuildFile; fileRef = E094BBFE27B06D8D003680F7 /* UsersViewModel.swift */; };
		E094BC0127B07B4C003680F7 /* BackendError.swift in Sources */ = {isa = PBXBuildFile; fileRef = E094BC0027B07B4C003680F7 /* BackendError.swift */; };
		E094BC0727B1B798003680F7 /* NetworkVkService.swift in Sources */ = {isa = PBXBuildFile; fileRef = E094BC0627B1B798003680F7 /* NetworkVkService.swift */; };
		E094BC0927B1B7D2003680F7 /* NetworkGrpupsVk.swift in Sources */ = {isa = PBXBuildFile; fileRef = E094BC0827B1B7D2003680F7 /* NetworkGrpupsVk.swift */; };
		E094BC0B27B1B800003680F7 /* Groups.swift in Sources */ = {isa = PBXBuildFile; fileRef = E094BC0A27B1B800003680F7 /* Groups.swift */; };
		E094BC0E27B1B9C6003680F7 /* GroupViewModel.swift in Sources */ = {isa = PBXBuildFile; fileRef = E094BC0D27B1B9C6003680F7 /* GroupViewModel.swift */; };
		E094BC1227B1C410003680F7 /* NetworkPhotoVk.swift in Sources */ = {isa = PBXBuildFile; fileRef = E094BC1127B1C410003680F7 /* NetworkPhotoVk.swift */; };
		E094BC1527B1C710003680F7 /* ImageViewModel.swift in Sources */ = {isa = PBXBuildFile; fileRef = E094BC1427B1C710003680F7 /* ImageViewModel.swift */; };
		E094BC1727B1D77D003680F7 /* News.swift in Sources */ = {isa = PBXBuildFile; fileRef = E094BC1627B1D77D003680F7 /* News.swift */; };
		E094BC1927B1DEA1003680F7 /* NetworkNewsVk.swift in Sources */ = {isa = PBXBuildFile; fileRef = E094BC1827B1DEA1003680F7 /* NetworkNewsVk.swift */; };
		E094BC1C27B1DF64003680F7 /* NewsViewModel.swift in Sources */ = {isa = PBXBuildFile; fileRef = E094BC1B27B1DF64003680F7 /* NewsViewModel.swift */; };
		E0B6602427909CD600728020 /* LoginView.swift in Sources */ = {isa = PBXBuildFile; fileRef = E0B6602327909CD600728020 /* LoginView.swift */; };
		E0B6602627909CD700728020 /* Assets.xcassets in Resources */ = {isa = PBXBuildFile; fileRef = E0B6602527909CD700728020 /* Assets.xcassets */; };
		E0B6602927909CD700728020 /* Preview Assets.xcassets in Resources */ = {isa = PBXBuildFile; fileRef = E0B6602827909CD700728020 /* Preview Assets.xcassets */; };
		E0ED38482794BEFA00151B86 /* UsersAndGroupBuilder.swift in Sources */ = {isa = PBXBuildFile; fileRef = E0ED38472794BEFA00151B86 /* UsersAndGroupBuilder.swift */; };
		E0ED384B2794C0B000151B86 /* UsersView.swift in Sources */ = {isa = PBXBuildFile; fileRef = E0ED384A2794C0B000151B86 /* UsersView.swift */; };
/* End PBXBuildFile section */

/* Begin PBXFileReference section */
		E03F9FB7279D911A005979EB /* MainView.swift */ = {isa = PBXFileReference; lastKnownFileType = sourcecode.swift; path = MainView.swift; sourceTree = "<group>"; };
		E03F9FCB27A344E3005979EB /* GroupView.swift */ = {isa = PBXFileReference; lastKnownFileType = sourcecode.swift; path = GroupView.swift; sourceTree = "<group>"; };
		E03F9FCE27A3472A005979EB /* NewsView.swift */ = {isa = PBXFileReference; lastKnownFileType = sourcecode.swift; path = NewsView.swift; sourceTree = "<group>"; };
		E03F9FD027A34D31005979EB /* ContentView.swift */ = {isa = PBXFileReference; lastKnownFileType = sourcecode.swift; path = ContentView.swift; sourceTree = "<group>"; };
		E03F9FD227A34DFD005979EB /* VkApp.swift */ = {isa = PBXFileReference; fileEncoding = 4; lastKnownFileType = sourcecode.swift; path = VkApp.swift; sourceTree = "<group>"; };
		E03F9FD927A35BFB005979EB /* ImagesView.swift */ = {isa = PBXFileReference; lastKnownFileType = sourcecode.swift; path = ImagesView.swift; sourceTree = "<group>"; };
		E03F9FDE27A36257005979EB /* Photo.swift */ = {isa = PBXFileReference; lastKnownFileType = sourcecode.swift; path = Photo.swift; sourceTree = "<group>"; };
		E094BBD027AC6471003680F7 /* WebView.swift */ = {isa = PBXFileReference; lastKnownFileType = sourcecode.swift; path = WebView.swift; sourceTree = "<group>"; };
		E094BBF427B05E8C003680F7 /* NetworkFriendsVk.swift */ = {isa = PBXFileReference; lastKnownFileType = sourcecode.swift; path = NetworkFriendsVk.swift; sourceTree = "<group>"; };
		E094BBF727B05F17003680F7 /* UserSession.swift */ = {isa = PBXFileReference; lastKnownFileType = sourcecode.swift; path = UserSession.swift; sourceTree = "<group>"; };
		E094BBF927B06053003680F7 /* Friend.swift */ = {isa = PBXFileReference; lastKnownFileType = sourcecode.swift; path = Friend.swift; sourceTree = "<group>"; };
		E094BBFE27B06D8D003680F7 /* UsersViewModel.swift */ = {isa = PBXFileReference; lastKnownFileType = sourcecode.swift; path = UsersViewModel.swift; sourceTree = "<group>"; };
		E094BC0027B07B4C003680F7 /* BackendError.swift */ = {isa = PBXFileReference; lastKnownFileType = sourcecode.swift; path = BackendError.swift; sourceTree = "<group>"; };
		E094BC0627B1B798003680F7 /* NetworkVkService.swift */ = {isa = PBXFileReference; lastKnownFileType = sourcecode.swift; path = NetworkVkService.swift; sourceTree = "<group>"; };
		E094BC0827B1B7D2003680F7 /* NetworkGrpupsVk.swift */ = {isa = PBXFileReference; lastKnownFileType = sourcecode.swift; path = NetworkGrpupsVk.swift; sourceTree = "<group>"; };
		E094BC0A27B1B800003680F7 /* Groups.swift */ = {isa = PBXFileReference; lastKnownFileType = sourcecode.swift; path = Groups.swift; sourceTree = "<group>"; };
		E094BC0D27B1B9C6003680F7 /* GroupViewModel.swift */ = {isa = PBXFileReference; lastKnownFileType = sourcecode.swift; path = GroupViewModel.swift; sourceTree = "<group>"; };
		E094BC1127B1C410003680F7 /* NetworkPhotoVk.swift */ = {isa = PBXFileReference; lastKnownFileType = sourcecode.swift; path = NetworkPhotoVk.swift; sourceTree = "<group>"; };
		E094BC1427B1C710003680F7 /* ImageViewModel.swift */ = {isa = PBXFileReference; lastKnownFileType = sourcecode.swift; path = ImageViewModel.swift; sourceTree = "<group>"; };
		E094BC1627B1D77D003680F7 /* News.swift */ = {isa = PBXFileReference; lastKnownFileType = sourcecode.swift; path = News.swift; sourceTree = "<group>"; };
		E094BC1827B1DEA1003680F7 /* NetworkNewsVk.swift */ = {isa = PBXFileReference; lastKnownFileType = sourcecode.swift; path = NetworkNewsVk.swift; sourceTree = "<group>"; };
		E094BC1B27B1DF64003680F7 /* NewsViewModel.swift */ = {isa = PBXFileReference; lastKnownFileType = sourcecode.swift; path = NewsViewModel.swift; sourceTree = "<group>"; };
		E0B6601E27909CD500728020 /* Vk.app */ = {isa = PBXFileReference; explicitFileType = wrapper.application; includeInIndex = 0; path = Vk.app; sourceTree = BUILT_PRODUCTS_DIR; };
		E0B6602327909CD600728020 /* LoginView.swift */ = {isa = PBXFileReference; lastKnownFileType = sourcecode.swift; path = LoginView.swift; sourceTree = "<group>"; };
		E0B6602527909CD700728020 /* Assets.xcassets */ = {isa = PBXFileReference; lastKnownFileType = folder.assetcatalog; path = Assets.xcassets; sourceTree = "<group>"; };
		E0B6602827909CD700728020 /* Preview Assets.xcassets */ = {isa = PBXFileReference; lastKnownFileType = folder.assetcatalog; path = "Preview Assets.xcassets"; sourceTree = "<group>"; };
		E0ED38472794BEFA00151B86 /* UsersAndGroupBuilder.swift */ = {isa = PBXFileReference; lastKnownFileType = sourcecode.swift; path = UsersAndGroupBuilder.swift; sourceTree = "<group>"; };
		E0ED384A2794C0B000151B86 /* UsersView.swift */ = {isa = PBXFileReference; lastKnownFileType = sourcecode.swift; path = UsersView.swift; sourceTree = "<group>"; };
/* End PBXFileReference section */

/* Begin PBXFrameworksBuildPhase section */
		E0B6601B27909CD500728020 /* Frameworks */ = {
			isa = PBXFrameworksBuildPhase;
			buildActionMask = 2147483647;
			files = (
				E094BBEA27ADEFE8003680F7 /* QGrid in Frameworks */,
				E094BBE727ADEFD5003680F7 /* Alamofire in Frameworks */,
				E094BBE427ADEFBF003680F7 /* Kingfisher in Frameworks */,
				E094BBE127ADEFAE003680F7 /* SwiftyJSON in Frameworks */,
			);
			runOnlyForDeploymentPostprocessing = 0;
		};
/* End PBXFrameworksBuildPhase section */

/* Begin PBXGroup section */
		E03F9FB6279D9100005979EB /* MainScreen */ = {
			isa = PBXGroup;
			children = (
				E03F9FB7279D911A005979EB /* MainView.swift */,
			);
			path = MainScreen;
			sourceTree = "<group>";
		};
		E03F9FCA27A344CC005979EB /* GroupScreen */ = {
			isa = PBXGroup;
			children = (
				E094BC0C27B1B9AB003680F7 /* ViewModel */,
				E03F9FCB27A344E3005979EB /* GroupView.swift */,
			);
			path = GroupScreen;
			sourceTree = "<group>";
		};
		E03F9FCD27A34716005979EB /* NewsScreen */ = {
			isa = PBXGroup;
			children = (
				E094BC1A27B1DF52003680F7 /* ViewModel */,
				E03F9FCE27A3472A005979EB /* NewsView.swift */,
			);
			path = NewsScreen;
			sourceTree = "<group>";
		};
		E03F9FD527A3562B005979EB /* Models */ = {
			isa = PBXGroup;
			children = (
				E03F9FDE27A36257005979EB /* Photo.swift */,
				E094BBF927B06053003680F7 /* Friend.swift */,
				E094BC0A27B1B800003680F7 /* Groups.swift */,
				E094BC1627B1D77D003680F7 /* News.swift */,
			);
			path = Models;
			sourceTree = "<group>";
		};
		E03F9FD827A35BEA005979EB /* Images */ = {
			isa = PBXGroup;
			children = (
				E094BC1327B1C6E1003680F7 /* ViewModel */,
				E03F9FD927A35BFB005979EB /* ImagesView.swift */,
			);
			path = Images;
			sourceTree = "<group>";
		};
		E094BBCF27AC645B003680F7 /* WebView */ = {
			isa = PBXGroup;
			children = (
				E094BBD027AC6471003680F7 /* WebView.swift */,
			);
			path = WebView;
			sourceTree = "<group>";
		};
		E094BBEB27ADF175003680F7 /* Networking */ = {
			isa = PBXGroup;
			children = (
				E094BC0527B1B784003680F7 /* Protocols */,
				E094BBF627B05F02003680F7 /* Model */,
				E094BBF427B05E8C003680F7 /* NetworkFriendsVk.swift */,
				E094BC1827B1DEA1003680F7 /* NetworkNewsVk.swift */,
				E094BC1127B1C410003680F7 /* NetworkPhotoVk.swift */,
				E094BC0827B1B7D2003680F7 /* NetworkGrpupsVk.swift */,
			);
			path = Networking;
			sourceTree = "<group>";
		};
		E094BBF627B05F02003680F7 /* Model */ = {
			isa = PBXGroup;
			children = (
				E094BBF727B05F17003680F7 /* UserSession.swift */,
				E094BC0027B07B4C003680F7 /* BackendError.swift */,
			);
			path = Model;
			sourceTree = "<group>";
		};
		E094BBFD27B06D7C003680F7 /* ViewModel */ = {
			isa = PBXGroup;
			children = (
				E094BBFE27B06D8D003680F7 /* UsersViewModel.swift */,
			);
			path = ViewModel;
			sourceTree = "<group>";
		};
		E094BC0527B1B784003680F7 /* Protocols */ = {
			isa = PBXGroup;
			children = (
				E094BC0627B1B798003680F7 /* NetworkVkService.swift */,
			);
			path = Protocols;
			sourceTree = "<group>";
		};
		E094BC0C27B1B9AB003680F7 /* ViewModel */ = {
			isa = PBXGroup;
			children = (
				E094BC0D27B1B9C6003680F7 /* GroupViewModel.swift */,
			);
			path = ViewModel;
			sourceTree = "<group>";
		};
		E094BC1327B1C6E1003680F7 /* ViewModel */ = {
			isa = PBXGroup;
			children = (
				E094BC1427B1C710003680F7 /* ImageViewModel.swift */,
			);
			path = ViewModel;
			sourceTree = "<group>";
		};
		E094BC1A27B1DF52003680F7 /* ViewModel */ = {
			isa = PBXGroup;
			children = (
				E094BC1B27B1DF64003680F7 /* NewsViewModel.swift */,
			);
			path = ViewModel;
			sourceTree = "<group>";
		};
		E0B6601527909CD500728020 = {
			isa = PBXGroup;
			children = (
				E0B6602027909CD600728020 /* Vk */,
				E0B6601F27909CD500728020 /* Products */,
			);
			sourceTree = "<group>";
		};
		E0B6601F27909CD500728020 /* Products */ = {
			isa = PBXGroup;
			children = (
				E0B6601E27909CD500728020 /* Vk.app */,
			);
			name = Products;
			sourceTree = "<group>";
		};
		E0B6602027909CD600728020 /* Vk */ = {
			isa = PBXGroup;
			children = (
				E094BBEB27ADF175003680F7 /* Networking */,
				E03F9FD527A3562B005979EB /* Models */,
				E03F9FD227A34DFD005979EB /* VkApp.swift */,
				E0B660312790AD9800728020 /* Cells */,
				E0B6602F27909D7A00728020 /* Screens */,
				E0B6602527909CD700728020 /* Assets.xcassets */,
				E0B6602727909CD700728020 /* Preview Content */,
			);
			path = Vk;
			sourceTree = "<group>";
		};
		E0B6602727909CD700728020 /* Preview Content */ = {
			isa = PBXGroup;
			children = (
				E0B6602827909CD700728020 /* Preview Assets.xcassets */,
			);
			path = "Preview Content";
			sourceTree = "<group>";
		};
		E0B6602F27909D7A00728020 /* Screens */ = {
			isa = PBXGroup;
			children = (
				E094BBCF27AC645B003680F7 /* WebView */,
				E03F9FD827A35BEA005979EB /* Images */,
				E03F9FCD27A34716005979EB /* NewsScreen */,
				E03F9FCA27A344CC005979EB /* GroupScreen */,
				E03F9FB6279D9100005979EB /* MainScreen */,
				E0ED38492794C07C00151B86 /* UserScreen */,
				E0ED38452794BD1C00151B86 /* ViewBielder */,
				E0B6603027909D8400728020 /* LoginScreen */,
			);
			path = Screens;
			sourceTree = "<group>";
		};
		E0B6603027909D8400728020 /* LoginScreen */ = {
			isa = PBXGroup;
			children = (
				E0B6602327909CD600728020 /* LoginView.swift */,
				E03F9FD027A34D31005979EB /* ContentView.swift */,
			);
			path = LoginScreen;
			sourceTree = "<group>";
		};
		E0B660312790AD9800728020 /* Cells */ = {
			isa = PBXGroup;
			children = (
			);
			path = Cells;
			sourceTree = "<group>";
		};
		E0ED38452794BD1C00151B86 /* ViewBielder */ = {
			isa = PBXGroup;
			children = (
				E0ED38472794BEFA00151B86 /* UsersAndGroupBuilder.swift */,
			);
			path = ViewBielder;
			sourceTree = "<group>";
		};
		E0ED38492794C07C00151B86 /* UserScreen */ = {
			isa = PBXGroup;
			children = (
				E094BBFD27B06D7C003680F7 /* ViewModel */,
				E0ED384A2794C0B000151B86 /* UsersView.swift */,
			);
			path = UserScreen;
			sourceTree = "<group>";
		};
/* End PBXGroup section */

/* Begin PBXNativeTarget section */
		E0B6601D27909CD500728020 /* Vk */ = {
			isa = PBXNativeTarget;
			buildConfigurationList = E0B6602C27909CD700728020 /* Build configuration list for PBXNativeTarget "Vk" */;
			buildPhases = (
				E0B6601A27909CD500728020 /* Sources */,
				E0B6601B27909CD500728020 /* Frameworks */,
				E0B6601C27909CD500728020 /* Resources */,
			);
			buildRules = (
			);
			dependencies = (
			);
			name = Vk;
			packageProductDependencies = (
				E094BBE027ADEFAE003680F7 /* SwiftyJSON */,
				E094BBE327ADEFBF003680F7 /* Kingfisher */,
				E094BBE627ADEFD5003680F7 /* Alamofire */,
				E094BBE927ADEFE8003680F7 /* QGrid */,
			);
			productName = Vk;
			productReference = E0B6601E27909CD500728020 /* Vk.app */;
			productType = "com.apple.product-type.application";
		};
/* End PBXNativeTarget section */

/* Begin PBXProject section */
		E0B6601627909CD500728020 /* Project object */ = {
			isa = PBXProject;
			attributes = {
				BuildIndependentTargetsInParallel = 1;
				LastSwiftUpdateCheck = 1320;
				LastUpgradeCheck = 1320;
				TargetAttributes = {
					E0B6601D27909CD500728020 = {
						CreatedOnToolsVersion = 13.2.1;
					};
				};
			};
			buildConfigurationList = E0B6601927909CD500728020 /* Build configuration list for PBXProject "Vk" */;
			compatibilityVersion = "Xcode 13.0";
			developmentRegion = en;
			hasScannedForEncodings = 0;
			knownRegions = (
				en,
				Base,
			);
			mainGroup = E0B6601527909CD500728020;
			packageReferences = (
				E094BBDF27ADEFAE003680F7 /* XCRemoteSwiftPackageReference "SwiftyJSON" */,
				E094BBE227ADEFBF003680F7 /* XCRemoteSwiftPackageReference "Kingfisher" */,
				E094BBE527ADEFD5003680F7 /* XCRemoteSwiftPackageReference "Alamofire" */,
				E094BBE827ADEFE8003680F7 /* XCRemoteSwiftPackageReference "QGrid" */,
			);
			productRefGroup = E0B6601F27909CD500728020 /* Products */;
			projectDirPath = "";
			projectRoot = "";
			targets = (
				E0B6601D27909CD500728020 /* Vk */,
			);
		};
/* End PBXProject section */

/* Begin PBXResourcesBuildPhase section */
		E0B6601C27909CD500728020 /* Resources */ = {
			isa = PBXResourcesBuildPhase;
			buildActionMask = 2147483647;
			files = (
				E0B6602927909CD700728020 /* Preview Assets.xcassets in Resources */,
				E0B6602627909CD700728020 /* Assets.xcassets in Resources */,
			);
			runOnlyForDeploymentPostprocessing = 0;
		};
/* End PBXResourcesBuildPhase section */

/* Begin PBXSourcesBuildPhase section */
		E0B6601A27909CD500728020 /* Sources */ = {
			isa = PBXSourcesBuildPhase;
			buildActionMask = 2147483647;
			files = (
				E03F9FD327A34DFD005979EB /* VkApp.swift in Sources */,
				E094BC1727B1D77D003680F7 /* News.swift in Sources */,
				E0B6602427909CD600728020 /* LoginView.swift in Sources */,
				E094BC0927B1B7D2003680F7 /* NetworkGrpupsVk.swift in Sources */,
				E0ED38482794BEFA00151B86 /* UsersAndGroupBuilder.swift in Sources */,
				E094BC0E27B1B9C6003680F7 /* GroupViewModel.swift in Sources */,
				E094BC1927B1DEA1003680F7 /* NetworkNewsVk.swift in Sources */,
				E03F9FD127A34D31005979EB /* ContentView.swift in Sources */,
				E094BC0727B1B798003680F7 /* NetworkVkService.swift in Sources */,
				E094BC1227B1C410003680F7 /* NetworkPhotoVk.swift in Sources */,
				E094BC0B27B1B800003680F7 /* Groups.swift in Sources */,
				E03F9FCC27A344E3005979EB /* GroupView.swift in Sources */,
				E094BC1C27B1DF64003680F7 /* NewsViewModel.swift in Sources */,
				E094BBF827B05F17003680F7 /* UserSession.swift in Sources */,
				E03F9FCF27A3472A005979EB /* NewsView.swift in Sources */,
				E03F9FDF27A36257005979EB /* Photo.swift in Sources */,
				E03F9FB8279D911A005979EB /* MainView.swift in Sources */,
				E094BBFA27B06053003680F7 /* Friend.swift in Sources */,
				E094BBD127AC6471003680F7 /* WebView.swift in Sources */,
				E03F9FDA27A35BFB005979EB /* ImagesView.swift in Sources */,
				E094BBFF27B06D8D003680F7 /* UsersViewModel.swift in Sources */,
				E0ED384B2794C0B000151B86 /* UsersView.swift in Sources */,
				E094BBF527B05E8C003680F7 /* NetworkFriendsVk.swift in Sources */,
				E094BC1527B1C710003680F7 /* ImageViewModel.swift in Sources */,
				E094BC0127B07B4C003680F7 /* BackendError.swift in Sources */,
			);
			runOnlyForDeploymentPostprocessing = 0;
		};
/* End PBXSourcesBuildPhase section */

/* Begin XCBuildConfiguration section */
		E0B6602A27909CD700728020 /* Debug */ = {
			isa = XCBuildConfiguration;
			buildSettings = {
				ALWAYS_SEARCH_USER_PATHS = NO;
				CLANG_ANALYZER_NONNULL = YES;
				CLANG_ANALYZER_NUMBER_OBJECT_CONVERSION = YES_AGGRESSIVE;
				CLANG_CXX_LANGUAGE_STANDARD = "gnu++17";
				CLANG_CXX_LIBRARY = "libc++";
				CLANG_ENABLE_MODULES = YES;
				CLANG_ENABLE_OBJC_ARC = YES;
				CLANG_ENABLE_OBJC_WEAK = YES;
				CLANG_WARN_BLOCK_CAPTURE_AUTORELEASING = YES;
				CLANG_WARN_BOOL_CONVERSION = YES;
				CLANG_WARN_COMMA = YES;
				CLANG_WARN_CONSTANT_CONVERSION = YES;
				CLANG_WARN_DEPRECATED_OBJC_IMPLEMENTATIONS = YES;
				CLANG_WARN_DIRECT_OBJC_ISA_USAGE = YES_ERROR;
				CLANG_WARN_DOCUMENTATION_COMMENTS = YES;
				CLANG_WARN_EMPTY_BODY = YES;
				CLANG_WARN_ENUM_CONVERSION = YES;
				CLANG_WARN_INFINITE_RECURSION = YES;
				CLANG_WARN_INT_CONVERSION = YES;
				CLANG_WARN_NON_LITERAL_NULL_CONVERSION = YES;
				CLANG_WARN_OBJC_IMPLICIT_RETAIN_SELF = YES;
				CLANG_WARN_OBJC_LITERAL_CONVERSION = YES;
				CLANG_WARN_OBJC_ROOT_CLASS = YES_ERROR;
				CLANG_WARN_QUOTED_INCLUDE_IN_FRAMEWORK_HEADER = YES;
				CLANG_WARN_RANGE_LOOP_ANALYSIS = YES;
				CLANG_WARN_STRICT_PROTOTYPES = YES;
				CLANG_WARN_SUSPICIOUS_MOVE = YES;
				CLANG_WARN_UNGUARDED_AVAILABILITY = YES_AGGRESSIVE;
				CLANG_WARN_UNREACHABLE_CODE = YES;
				CLANG_WARN__DUPLICATE_METHOD_MATCH = YES;
				COPY_PHASE_STRIP = NO;
				DEBUG_INFORMATION_FORMAT = dwarf;
				ENABLE_STRICT_OBJC_MSGSEND = YES;
				ENABLE_TESTABILITY = YES;
				GCC_C_LANGUAGE_STANDARD = gnu11;
				GCC_DYNAMIC_NO_PIC = NO;
				GCC_NO_COMMON_BLOCKS = YES;
				GCC_OPTIMIZATION_LEVEL = 0;
				GCC_PREPROCESSOR_DEFINITIONS = (
					"DEBUG=1",
					"$(inherited)",
				);
				GCC_WARN_64_TO_32_BIT_CONVERSION = YES;
				GCC_WARN_ABOUT_RETURN_TYPE = YES_ERROR;
				GCC_WARN_UNDECLARED_SELECTOR = YES;
				GCC_WARN_UNINITIALIZED_AUTOS = YES_AGGRESSIVE;
				GCC_WARN_UNUSED_FUNCTION = YES;
				GCC_WARN_UNUSED_VARIABLE = YES;
				IPHONEOS_DEPLOYMENT_TARGET = 15.2;
				MTL_ENABLE_DEBUG_INFO = INCLUDE_SOURCE;
				MTL_FAST_MATH = YES;
				ONLY_ACTIVE_ARCH = YES;
				SDKROOT = iphoneos;
				SWIFT_ACTIVE_COMPILATION_CONDITIONS = DEBUG;
				SWIFT_OPTIMIZATION_LEVEL = "-Onone";
			};
			name = Debug;
		};
		E0B6602B27909CD700728020 /* Release */ = {
			isa = XCBuildConfiguration;
			buildSettings = {
				ALWAYS_SEARCH_USER_PATHS = NO;
				CLANG_ANALYZER_NONNULL = YES;
				CLANG_ANALYZER_NUMBER_OBJECT_CONVERSION = YES_AGGRESSIVE;
				CLANG_CXX_LANGUAGE_STANDARD = "gnu++17";
				CLANG_CXX_LIBRARY = "libc++";
				CLANG_ENABLE_MODULES = YES;
				CLANG_ENABLE_OBJC_ARC = YES;
				CLANG_ENABLE_OBJC_WEAK = YES;
				CLANG_WARN_BLOCK_CAPTURE_AUTORELEASING = YES;
				CLANG_WARN_BOOL_CONVERSION = YES;
				CLANG_WARN_COMMA = YES;
				CLANG_WARN_CONSTANT_CONVERSION = YES;
				CLANG_WARN_DEPRECATED_OBJC_IMPLEMENTATIONS = YES;
				CLANG_WARN_DIRECT_OBJC_ISA_USAGE = YES_ERROR;
				CLANG_WARN_DOCUMENTATION_COMMENTS = YES;
				CLANG_WARN_EMPTY_BODY = YES;
				CLANG_WARN_ENUM_CONVERSION = YES;
				CLANG_WARN_INFINITE_RECURSION = YES;
				CLANG_WARN_INT_CONVERSION = YES;
				CLANG_WARN_NON_LITERAL_NULL_CONVERSION = YES;
				CLANG_WARN_OBJC_IMPLICIT_RETAIN_SELF = YES;
				CLANG_WARN_OBJC_LITERAL_CONVERSION = YES;
				CLANG_WARN_OBJC_ROOT_CLASS = YES_ERROR;
				CLANG_WARN_QUOTED_INCLUDE_IN_FRAMEWORK_HEADER = YES;
				CLANG_WARN_RANGE_LOOP_ANALYSIS = YES;
				CLANG_WARN_STRICT_PROTOTYPES = YES;
				CLANG_WARN_SUSPICIOUS_MOVE = YES;
				CLANG_WARN_UNGUARDED_AVAILABILITY = YES_AGGRESSIVE;
				CLANG_WARN_UNREACHABLE_CODE = YES;
				CLANG_WARN__DUPLICATE_METHOD_MATCH = YES;
				COPY_PHASE_STRIP = NO;
				DEBUG_INFORMATION_FORMAT = "dwarf-with-dsym";
				ENABLE_NS_ASSERTIONS = NO;
				ENABLE_STRICT_OBJC_MSGSEND = YES;
				GCC_C_LANGUAGE_STANDARD = gnu11;
				GCC_NO_COMMON_BLOCKS = YES;
				GCC_WARN_64_TO_32_BIT_CONVERSION = YES;
				GCC_WARN_ABOUT_RETURN_TYPE = YES_ERROR;
				GCC_WARN_UNDECLARED_SELECTOR = YES;
				GCC_WARN_UNINITIALIZED_AUTOS = YES_AGGRESSIVE;
				GCC_WARN_UNUSED_FUNCTION = YES;
				GCC_WARN_UNUSED_VARIABLE = YES;
				IPHONEOS_DEPLOYMENT_TARGET = 15.2;
				MTL_ENABLE_DEBUG_INFO = NO;
				MTL_FAST_MATH = YES;
				SDKROOT = iphoneos;
				SWIFT_COMPILATION_MODE = wholemodule;
				SWIFT_OPTIMIZATION_LEVEL = "-O";
				VALIDATE_PRODUCT = YES;
			};
			name = Release;
		};
		E0B6602D27909CD700728020 /* Debug */ = {
			isa = XCBuildConfiguration;
			buildSettings = {
				ASSETCATALOG_COMPILER_APPICON_NAME = AppIcon;
				ASSETCATALOG_COMPILER_GLOBAL_ACCENT_COLOR_NAME = AccentColor;
				CODE_SIGN_STYLE = Automatic;
				CURRENT_PROJECT_VERSION = 1;
				DEVELOPMENT_ASSET_PATHS = "\"Vk/Preview Content\"";
				DEVELOPMENT_TEAM = 7BZ6VJ9448;
				ENABLE_PREVIEWS = YES;
				GENERATE_INFOPLIST_FILE = YES;
				INFOPLIST_KEY_UIApplicationSceneManifest_Generation = YES;
				INFOPLIST_KEY_UIApplicationSupportsIndirectInputEvents = YES;
				INFOPLIST_KEY_UILaunchScreen_Generation = YES;
				INFOPLIST_KEY_UISupportedInterfaceOrientations_iPad = "UIInterfaceOrientationPortrait UIInterfaceOrientationPortraitUpsideDown UIInterfaceOrientationLandscapeLeft UIInterfaceOrientationLandscapeRight";
				INFOPLIST_KEY_UISupportedInterfaceOrientations_iPhone = "UIInterfaceOrientationPortrait UIInterfaceOrientationLandscapeLeft UIInterfaceOrientationLandscapeRight";
				LD_RUNPATH_SEARCH_PATHS = (
					"$(inherited)",
					"@executable_path/Frameworks",
				);
				MARKETING_VERSION = 1.0;
				PRODUCT_BUNDLE_IDENTIFIER = com.geekBrains.Vk;
				PRODUCT_NAME = "$(TARGET_NAME)";
				SWIFT_EMIT_LOC_STRINGS = YES;
				SWIFT_VERSION = 5.0;
				TARGETED_DEVICE_FAMILY = "1,2";
			};
			name = Debug;
		};
		E0B6602E27909CD700728020 /* Release */ = {
			isa = XCBuildConfiguration;
			buildSettings = {
				ASSETCATALOG_COMPILER_APPICON_NAME = AppIcon;
				ASSETCATALOG_COMPILER_GLOBAL_ACCENT_COLOR_NAME = AccentColor;
				CODE_SIGN_STYLE = Automatic;
				CURRENT_PROJECT_VERSION = 1;
				DEVELOPMENT_ASSET_PATHS = "\"Vk/Preview Content\"";
				DEVELOPMENT_TEAM = 7BZ6VJ9448;
				ENABLE_PREVIEWS = YES;
				GENERATE_INFOPLIST_FILE = YES;
				INFOPLIST_KEY_UIApplicationSceneManifest_Generation = YES;
				INFOPLIST_KEY_UIApplicationSupportsIndirectInputEvents = YES;
				INFOPLIST_KEY_UILaunchScreen_Generation = YES;
				INFOPLIST_KEY_UISupportedInterfaceOrientations_iPad = "UIInterfaceOrientationPortrait UIInterfaceOrientationPortraitUpsideDown UIInterfaceOrientationLandscapeLeft UIInterfaceOrientationLandscapeRight";
				INFOPLIST_KEY_UISupportedInterfaceOrientations_iPhone = "UIInterfaceOrientationPortrait UIInterfaceOrientationLandscapeLeft UIInterfaceOrientationLandscapeRight";
				LD_RUNPATH_SEARCH_PATHS = (
					"$(inherited)",
					"@executable_path/Frameworks",
				);
				MARKETING_VERSION = 1.0;
				PRODUCT_BUNDLE_IDENTIFIER = com.geekBrains.Vk;
				PRODUCT_NAME = "$(TARGET_NAME)";
				SWIFT_EMIT_LOC_STRINGS = YES;
				SWIFT_VERSION = 5.0;
				TARGETED_DEVICE_FAMILY = "1,2";
			};
			name = Release;
		};
/* End XCBuildConfiguration section */

/* Begin XCConfigurationList section */
		E0B6601927909CD500728020 /* Build configuration list for PBXProject "Vk" */ = {
			isa = XCConfigurationList;
			buildConfigurations = (
				E0B6602A27909CD700728020 /* Debug */,
				E0B6602B27909CD700728020 /* Release */,
			);
			defaultConfigurationIsVisible = 0;
			defaultConfigurationName = Release;
		};
		E0B6602C27909CD700728020 /* Build configuration list for PBXNativeTarget "Vk" */ = {
			isa = XCConfigurationList;
			buildConfigurations = (
				E0B6602D27909CD700728020 /* Debug */,
				E0B6602E27909CD700728020 /* Release */,
			);
			defaultConfigurationIsVisible = 0;
			defaultConfigurationName = Release;
		};
/* End XCConfigurationList section */

/* Begin XCRemoteSwiftPackageReference section */
		E094BBDF27ADEFAE003680F7 /* XCRemoteSwiftPackageReference "SwiftyJSON" */ = {
			isa = XCRemoteSwiftPackageReference;
			repositoryURL = "https://github.com/SwiftyJSON/SwiftyJSON.git";
			requirement = {
				branch = master;
				kind = branch;
			};
		};
		E094BBE227ADEFBF003680F7 /* XCRemoteSwiftPackageReference "Kingfisher" */ = {
			isa = XCRemoteSwiftPackageReference;
			repositoryURL = "https://github.com/onevcat/Kingfisher.git";
			requirement = {
				branch = master;
				kind = branch;
			};
		};
		E094BBE527ADEFD5003680F7 /* XCRemoteSwiftPackageReference "Alamofire" */ = {
			isa = XCRemoteSwiftPackageReference;
			repositoryURL = "https://github.com/Alamofire/Alamofire.git";
			requirement = {
				branch = master;
				kind = branch;
			};
		};
		E094BBE827ADEFE8003680F7 /* XCRemoteSwiftPackageReference "QGrid" */ = {
			isa = XCRemoteSwiftPackageReference;
			repositoryURL = "https://github.com/Q-Mobile/QGrid";
			requirement = {
				branch = master;
				kind = branch;
			};
		};
/* End XCRemoteSwiftPackageReference section */

/* Begin XCSwiftPackageProductDependency section */
		E094BBE027ADEFAE003680F7 /* SwiftyJSON */ = {
			isa = XCSwiftPackageProductDependency;
			package = E094BBDF27ADEFAE003680F7 /* XCRemoteSwiftPackageReference "SwiftyJSON" */;
			productName = SwiftyJSON;
		};
		E094BBE327ADEFBF003680F7 /* Kingfisher */ = {
			isa = XCSwiftPackageProductDependency;
			package = E094BBE227ADEFBF003680F7 /* XCRemoteSwiftPackageReference "Kingfisher" */;
			productName = Kingfisher;
		};
		E094BBE627ADEFD5003680F7 /* Alamofire */ = {
			isa = XCSwiftPackageProductDependency;
			package = E094BBE527ADEFD5003680F7 /* XCRemoteSwiftPackageReference "Alamofire" */;
			productName = Alamofire;
		};
		E094BBE927ADEFE8003680F7 /* QGrid */ = {
			isa = XCSwiftPackageProductDependency;
			package = E094BBE827ADEFE8003680F7 /* XCRemoteSwiftPackageReference "QGrid" */;
			productName = QGrid;
		};
/* End XCSwiftPackageProductDependency section */
	};
	rootObject = E0B6601627909CD500728020 /* Project object */;
}
